
Microsoft Visual Studio Solution File, Format Version 12.00
# Visual Studio 15
VisualStudioVersion = 15.0.28306.52
MinimumVisualStudioVersion = 10.0.40219.1
Project("{FAE04EC0-301F-11D3-BF4B-00C04F79EFBC}") = "BPMSimulator", "BPMSimulator\BPMSimulator.csproj", "{BFECCA83-73C6-4094-9AC6-0D0E09C1186A}"
EndProject
Global
	GlobalSection(SolutionConfigurationPlatforms) = preSolution
		Debug|Any CPU = Debug|Any CPU
		Release|Any CPU = Release|Any CPU
	EndGlobalSection
	GlobalSection(ProjectConfigurationPlatforms) = postSolution
		{BFECCA83-73C6-4094-9AC6-0D0E09C1186A}.Debug|Any CPU.ActiveCfg = Debug|Any CPU
		{BFECCA83-73C6-4094-9AC6-0D0E09C1186A}.Debug|Any CPU.Build.0 = Debug|Any CPU
		{BFECCA83-73C6-4094-9AC6-0D0E09C1186A}.Release|Any CPU.ActiveCfg = Release|Any CPU
		{BFECCA83-73C6-4094-9AC6-0D0E09C1186A}.Release|Any CPU.Build.0 = Release|Any CPU
	EndGlobalSection
	GlobalSection(SolutionProperties) = preSolution
		HideSolutionNode = FALSE
	EndGlobalSection
	GlobalSection(ExtensibilityGlobals) = postSolution
		SolutionGuid = {B1239D4A-6FB2-4F00-AB7A-F8CB1461B68C}
	EndGlobalSection
EndGlobal
